// !$*UTF8*$!
{
	archiveVersion = 1;
	classes = {
	};
	objectVersion = 46;
	objects = {

/* Begin PBXBuildFile section */
		195B81C519793415008ABB91 /* TPKeyboardAvoidingScrollView.m in Sources */ = {isa = PBXBuildFile; fileRef = 195B81C419793415008ABB91 /* TPKeyboardAvoidingScrollView.m */; };
		195DFE0B1978C3A300D639A2 /* Foundation.framework in Frameworks */ = {isa = PBXBuildFile; fileRef = 195DFE0A1978C3A300D639A2 /* Foundation.framework */; };
		195DFE0D1978C3A300D639A2 /* CoreGraphics.framework in Frameworks */ = {isa = PBXBuildFile; fileRef = 195DFE0C1978C3A300D639A2 /* CoreGraphics.framework */; };
		195DFE0F1978C3A300D639A2 /* UIKit.framework in Frameworks */ = {isa = PBXBuildFile; fileRef = 195DFE0E1978C3A300D639A2 /* UIKit.framework */; };
		195DFE151978C3A300D639A2 /* InfoPlist.strings in Resources */ = {isa = PBXBuildFile; fileRef = 195DFE131978C3A300D639A2 /* InfoPlist.strings */; };
		195DFE171978C3A300D639A2 /* main.m in Sources */ = {isa = PBXBuildFile; fileRef = 195DFE161978C3A300D639A2 /* main.m */; };
		195DFE1B1978C3A300D639A2 /* AppDelegate.m in Sources */ = {isa = PBXBuildFile; fileRef = 195DFE1A1978C3A300D639A2 /* AppDelegate.m */; };
		195DFE1E1978C3A300D639A2 /* Main.storyboard in Resources */ = {isa = PBXBuildFile; fileRef = 195DFE1C1978C3A300D639A2 /* Main.storyboard */; };
		195DFE211978C3A300D639A2 /* ViewController.m in Sources */ = {isa = PBXBuildFile; fileRef = 195DFE201978C3A300D639A2 /* ViewController.m */; };
		195DFE231978C3A300D639A2 /* Images.xcassets in Resources */ = {isa = PBXBuildFile; fileRef = 195DFE221978C3A300D639A2 /* Images.xcassets */; };
		195DFE2A1978C3A300D639A2 /* XCTest.framework in Frameworks */ = {isa = PBXBuildFile; fileRef = 195DFE291978C3A300D639A2 /* XCTest.framework */; };
		195DFE2B1978C3A300D639A2 /* Foundation.framework in Frameworks */ = {isa = PBXBuildFile; fileRef = 195DFE0A1978C3A300D639A2 /* Foundation.framework */; };
		195DFE2C1978C3A300D639A2 /* UIKit.framework in Frameworks */ = {isa = PBXBuildFile; fileRef = 195DFE0E1978C3A300D639A2 /* UIKit.framework */; };
		195DFE341978C3A300D639A2 /* InfoPlist.strings in Resources */ = {isa = PBXBuildFile; fileRef = 195DFE321978C3A300D639A2 /* InfoPlist.strings */; };
		195DFE361978C3A300D639A2 /* ___TestTests.m in Sources */ = {isa = PBXBuildFile; fileRef = 195DFE351978C3A300D639A2 /* ___TestTests.m */; };
		195DFE411978C3BE00D639A2 /* ly-plate.png in Resources */ = {isa = PBXBuildFile; fileRef = 195DFE3F1978C3BE00D639A2 /* ly-plate.png */; };
		195DFE421978C3BE00D639A2 /* rotate-static.png in Resources */ = {isa = PBXBuildFile; fileRef = 195DFE401978C3BE00D639A2 /* rotate-static.png */; };
/* End PBXBuildFile section */

/* Begin PBXContainerItemProxy section */
		195DFE2D1978C3A300D639A2 /* PBXContainerItemProxy */ = {
			isa = PBXContainerItemProxy;
			containerPortal = 195DFDFF1978C3A300D639A2 /* Project object */;
			proxyType = 1;
			remoteGlobalIDString = 195DFE061978C3A300D639A2;
			remoteInfo = "抽奖_Test";
		};
/* End PBXContainerItemProxy section */

/* Begin PBXFileReference section */
		195B81C319793415008ABB91 /* TPKeyboardAvoidingScrollView.h */ = {isa = PBXFileReference; fileEncoding = 4; lastKnownFileType = sourcecode.c.h; path = TPKeyboardAvoidingScrollView.h; sourceTree = "<group>"; };
		195B81C419793415008ABB91 /* TPKeyboardAvoidingScrollView.m */ = {isa = PBXFileReference; fileEncoding = 4; lastKnownFileType = sourcecode.c.objc; path = TPKeyboardAvoidingScrollView.m; sourceTree = "<group>"; };
		195DFE071978C3A300D639A2 /* 抽奖_Test.app */ = {isa = PBXFileReference; explicitFileType = wrapper.application; includeInIndex = 0; path = "抽奖_Test.app"; sourceTree = BUILT_PRODUCTS_DIR; };
		195DFE0A1978C3A300D639A2 /* Foundation.framework */ = {isa = PBXFileReference; lastKnownFileType = wrapper.framework; name = Foundation.framework; path = System/Library/Frameworks/Foundation.framework; sourceTree = SDKROOT; };
		195DFE0C1978C3A300D639A2 /* CoreGraphics.framework */ = {isa = PBXFileReference; lastKnownFileType = wrapper.framework; name = CoreGraphics.framework; path = System/Library/Frameworks/CoreGraphics.framework; sourceTree = SDKROOT; };
		195DFE0E1978C3A300D639A2 /* UIKit.framework */ = {isa = PBXFileReference; lastKnownFileType = wrapper.framework; name = UIKit.framework; path = System/Library/Frameworks/UIKit.framework; sourceTree = SDKROOT; };
		195DFE121978C3A300D639A2 /* 抽奖_Test-Info.plist */ = {isa = PBXFileReference; lastKnownFileType = text.plist.xml; path = "抽奖_Test-Info.plist"; sourceTree = "<group>"; };
		195DFE141978C3A300D639A2 /* en */ = {isa = PBXFileReference; lastKnownFileType = text.plist.strings; name = en; path = en.lproj/InfoPlist.strings; sourceTree = "<group>"; };
		195DFE161978C3A300D639A2 /* main.m */ = {isa = PBXFileReference; lastKnownFileType = sourcecode.c.objc; path = main.m; sourceTree = "<group>"; };
		195DFE181978C3A300D639A2 /* 抽奖_Test-Prefix.pch */ = {isa = PBXFileReference; lastKnownFileType = sourcecode.c.h; path = "抽奖_Test-Prefix.pch"; sourceTree = "<group>"; };
		195DFE191978C3A300D639A2 /* AppDelegate.h */ = {isa = PBXFileReference; lastKnownFileType = sourcecode.c.h; path = AppDelegate.h; sourceTree = "<group>"; };
		195DFE1A1978C3A300D639A2 /* AppDelegate.m */ = {isa = PBXFileReference; lastKnownFileType = sourcecode.c.objc; path = AppDelegate.m; sourceTree = "<group>"; };
		195DFE1D1978C3A300D639A2 /* Base */ = {isa = PBXFileReference; lastKnownFileType = file.storyboard; name = Base; path = Base.lproj/Main.storyboard; sourceTree = "<group>"; };
		195DFE1F1978C3A300D639A2 /* ViewController.h */ = {isa = PBXFileReference; lastKnownFileType = sourcecode.c.h; path = ViewController.h; sourceTree = "<group>"; };
		195DFE201978C3A300D639A2 /* ViewController.m */ = {isa = PBXFileReference; lastKnownFileType = sourcecode.c.objc; path = ViewController.m; sourceTree = "<group>"; };
		195DFE221978C3A300D639A2 /* Images.xcassets */ = {isa = PBXFileReference; lastKnownFileType = folder.assetcatalog; path = Images.xcassets; sourceTree = "<group>"; };
		195DFE281978C3A300D639A2 /* 抽奖_TestTests.xctest */ = {isa = PBXFileReference; explicitFileType = wrapper.cfbundle; includeInIndex = 0; path = "抽奖_TestTests.xctest"; sourceTree = BUILT_PRODUCTS_DIR; };
		195DFE291978C3A300D639A2 /* XCTest.framework */ = {isa = PBXFileReference; lastKnownFileType = wrapper.framework; name = XCTest.framework; path = Library/Frameworks/XCTest.framework; sourceTree = DEVELOPER_DIR; };
		195DFE311978C3A300D639A2 /* 抽奖_TestTests-Info.plist */ = {isa = PBXFileReference; lastKnownFileType = text.plist.xml; path = "抽奖_TestTests-Info.plist"; sourceTree = "<group>"; };
		195DFE331978C3A300D639A2 /* en */ = {isa = PBXFileReference; lastKnownFileType = text.plist.strings; name = en; path = en.lproj/InfoPlist.strings; sourceTree = "<group>"; };
		195DFE351978C3A300D639A2 /* ___TestTests.m */ = {isa = PBXFileReference; lastKnownFileType = sourcecode.c.objc; path = "___TestTests.m"; sourceTree = "<group>"; };
		195DFE3F1978C3BE00D639A2 /* ly-plate.png */ = {isa = PBXFileReference; lastKnownFileType = image.png; path = "ly-plate.png"; sourceTree = "<group>"; };
		195DFE401978C3BE00D639A2 /* rotate-static.png */ = {isa = PBXFileReference; lastKnownFileType = image.png; path = "rotate-static.png"; sourceTree = "<group>"; };
/* End PBXFileReference section */

/* Begin PBXFrameworksBuildPhase section */
		195DFE041978C3A300D639A2 /* Frameworks */ = {
			isa = PBXFrameworksBuildPhase;
			buildActionMask = 2147483647;
			files = (
				195DFE0D1978C3A300D639A2 /* CoreGraphics.framework in Frameworks */,
				195DFE0F1978C3A300D639A2 /* UIKit.framework in Frameworks */,
				195DFE0B1978C3A300D639A2 /* Foundation.framework in Frameworks */,
			);
			runOnlyForDeploymentPostprocessing = 0;
		};
		195DFE251978C3A300D639A2 /* Frameworks */ = {
			isa = PBXFrameworksBuildPhase;
			buildActionMask = 2147483647;
			files = (
				195DFE2A1978C3A300D639A2 /* XCTest.framework in Frameworks */,
				195DFE2C1978C3A300D639A2 /* UIKit.framework in Frameworks */,
				195DFE2B1978C3A300D639A2 /* Foundation.framework in Frameworks */,
			);
			runOnlyForDeploymentPostprocessing = 0;
		};
/* End PBXFrameworksBuildPhase section */

/* Begin PBXGroup section */
		195DFDFE1978C3A300D639A2 = {
			isa = PBXGroup;
			children = (
				195DFE101978C3A300D639A2 /* 抽奖_Test */,
				195DFE2F1978C3A300D639A2 /* 抽奖_TestTests */,
				195DFE091978C3A300D639A2 /* Frameworks */,
				195DFE081978C3A300D639A2 /* Products */,
			);
			sourceTree = "<group>";
		};
		195DFE081978C3A300D639A2 /* Products */ = {
			isa = PBXGroup;
			children = (
				195DFE071978C3A300D639A2 /* 抽奖_Test.app */,
				195DFE281978C3A300D639A2 /* 抽奖_TestTests.xctest */,
			);
			name = Products;
			sourceTree = "<group>";
		};
		195DFE091978C3A300D639A2 /* Frameworks */ = {
			isa = PBXGroup;
			children = (
				195DFE0A1978C3A300D639A2 /* Foundation.framework */,
				195DFE0C1978C3A300D639A2 /* CoreGraphics.framework */,
				195DFE0E1978C3A300D639A2 /* UIKit.framework */,
				195DFE291978C3A300D639A2 /* XCTest.framework */,
			);
			name = Frameworks;
			sourceTree = "<group>";
		};
		195DFE101978C3A300D639A2 /* 抽奖_Test */ = {
			isa = PBXGroup;
			children = (
				195B81C319793415008ABB91 /* TPKeyboardAvoidingScrollView.h */,
				195B81C419793415008ABB91 /* TPKeyboardAvoidingScrollView.m */,
				195DFE191978C3A300D639A2 /* AppDelegate.h */,
				195DFE1A1978C3A300D639A2 /* AppDelegate.m */,
				195DFE1C1978C3A300D639A2 /* Main.storyboard */,
				195DFE1F1978C3A300D639A2 /* ViewController.h */,
				195DFE201978C3A300D639A2 /* ViewController.m */,
				195DFE221978C3A300D639A2 /* Images.xcassets */,
				195DFE111978C3A300D639A2 /* Supporting Files */,
			);
			path = "抽奖_Test";
			sourceTree = "<group>";
		};
		195DFE111978C3A300D639A2 /* Supporting Files */ = {
			isa = PBXGroup;
			children = (
				195DFE3F1978C3BE00D639A2 /* ly-plate.png */,
				195DFE401978C3BE00D639A2 /* rotate-static.png */,
				195DFE121978C3A300D639A2 /* 抽奖_Test-Info.plist */,
				195DFE131978C3A300D639A2 /* InfoPlist.strings */,
				195DFE161978C3A300D639A2 /* main.m */,
				195DFE181978C3A300D639A2 /* 抽奖_Test-Prefix.pch */,
			);
			name = "Supporting Files";
			sourceTree = "<group>";
		};
		195DFE2F1978C3A300D639A2 /* 抽奖_TestTests */ = {
			isa = PBXGroup;
			children = (
				195DFE351978C3A300D639A2 /* ___TestTests.m */,
				195DFE301978C3A300D639A2 /* Supporting Files */,
			);
			path = "抽奖_TestTests";
			sourceTree = "<group>";
		};
		195DFE301978C3A300D639A2 /* Supporting Files */ = {
			isa = PBXGroup;
			children = (
				195DFE311978C3A300D639A2 /* 抽奖_TestTests-Info.plist */,
				195DFE321978C3A300D639A2 /* InfoPlist.strings */,
			);
			name = "Supporting Files";
			sourceTree = "<group>";
		};
/* End PBXGroup section */

/* Begin PBXNativeTarget section */
		195DFE061978C3A300D639A2 /* 抽奖_Test */ = {
			isa = PBXNativeTarget;
			buildConfigurationList = 195DFE391978C3A300D639A2 /* Build configuration list for PBXNativeTarget "抽奖_Test" */;
			buildPhases = (
				195DFE031978C3A300D639A2 /* Sources */,
				195DFE041978C3A300D639A2 /* Frameworks */,
				195DFE051978C3A300D639A2 /* Resources */,
			);
			buildRules = (
			);
			dependencies = (
			);
			name = "抽奖_Test";
			productName = "抽奖_Test";
			productReference = 195DFE071978C3A300D639A2 /* 抽奖_Test.app */;
			productType = "com.apple.product-type.application";
		};
		195DFE271978C3A300D639A2 /* 抽奖_TestTests */ = {
			isa = PBXNativeTarget;
			buildConfigurationList = 195DFE3C1978C3A300D639A2 /* Build configuration list for PBXNativeTarget "抽奖_TestTests" */;
			buildPhases = (
				195DFE241978C3A300D639A2 /* Sources */,
				195DFE251978C3A300D639A2 /* Frameworks */,
				195DFE261978C3A300D639A2 /* Resources */,
			);
			buildRules = (
			);
			dependencies = (
				195DFE2E1978C3A300D639A2 /* PBXTargetDependency */,
			);
			name = "抽奖_TestTests";
			productName = "抽奖_TestTests";
			productReference = 195DFE281978C3A300D639A2 /* 抽奖_TestTests.xctest */;
			productType = "com.apple.product-type.bundle.unit-test";
		};
/* End PBXNativeTarget section */

/* Begin PBXProject section */
		195DFDFF1978C3A300D639A2 /* Project object */ = {
			isa = PBXProject;
			attributes = {
				LastUpgradeCheck = 0510;
				ORGANIZATIONNAME = "The Technology Studio";
				TargetAttributes = {
					195DFE271978C3A300D639A2 = {
						TestTargetID = 195DFE061978C3A300D639A2;
					};
				};
			};
			buildConfigurationList = 195DFE021978C3A300D639A2 /* Build configuration list for PBXProject "抽奖_Test" */;
			compatibilityVersion = "Xcode 3.2";
			developmentRegion = English;
			hasScannedForEncodings = 0;
			knownRegions = (
				en,
				Base,
			);
			mainGroup = 195DFDFE1978C3A300D639A2;
			productRefGroup = 195DFE081978C3A300D639A2 /* Products */;
			projectDirPath = "";
			projectRoot = "";
			targets = (
				195DFE061978C3A300D639A2 /* 抽奖_Test */,
				195DFE271978C3A300D639A2 /* 抽奖_TestTests */,
			);
		};
/* End PBXProject section */

/* Begin PBXResourcesBuildPhase section */
		195DFE051978C3A300D639A2 /* Resources */ = {
			isa = PBXResourcesBuildPhase;
			buildActionMask = 2147483647;
			files = (
				195DFE421978C3BE00D639A2 /* rotate-static.png in Resources */,
				195DFE231978C3A300D639A2 /* Images.xcassets in Resources */,
				195DFE151978C3A300D639A2 /* InfoPlist.strings in Resources */,
				195DFE1E1978C3A300D639A2 /* Main.storyboard in Resources */,
				195DFE411978C3BE00D639A2 /* ly-plate.png in Resources */,
			);
			runOnlyForDeploymentPostprocessing = 0;
		};
		195DFE261978C3A300D639A2 /* Resources */ = {
			isa = PBXResourcesBuildPhase;
			buildActionMask = 2147483647;
			files = (
				195DFE341978C3A300D639A2 /* InfoPlist.strings in Resources */,
			);
			runOnlyForDeploymentPostprocessing = 0;
		};
/* End PBXResourcesBuildPhase section */

/* Begin PBXSourcesBuildPhase section */
		195DFE031978C3A300D639A2 /* Sources */ = {
			isa = PBXSourcesBuildPhase;
			buildActionMask = 2147483647;
			files = (
				195DFE211978C3A300D639A2 /* ViewController.m in Sources */,
				195B81C519793415008ABB91 /* TPKeyboardAvoidingScrollView.m in Sources */,
				195DFE1B1978C3A300D639A2 /* AppDelegate.m in Sources */,
				195DFE171978C3A300D639A2 /* main.m in Sources */,
			);
			runOnlyForDeploymentPostprocessing = 0;
		};
		195DFE241978C3A300D639A2 /* Sources */ = {
			isa = PBXSourcesBuildPhase;
			buildActionMask = 2147483647;
			files = (
				195DFE361978C3A300D639A2 /* ___TestTests.m in Sources */,
			);
			runOnlyForDeploymentPostprocessing = 0;
		};
/* End PBXSourcesBuildPhase section */

/* Begin PBXTargetDependency section */
		195DFE2E1978C3A300D639A2 /* PBXTargetDependency */ = {
			isa = PBXTargetDependency;
			target = 195DFE061978C3A300D639A2 /* 抽奖_Test */;
			targetProxy = 195DFE2D1978C3A300D639A2 /* PBXContainerItemProxy */;
		};
/* End PBXTargetDependency section */

/* Begin PBXVariantGroup section */
		195DFE131978C3A300D639A2 /* InfoPlist.strings */ = {
			isa = PBXVariantGroup;
			children = (
				195DFE141978C3A300D639A2 /* en */,
			);
			name = InfoPlist.strings;
			sourceTree = "<group>";
		};
		195DFE1C1978C3A300D639A2 /* Main.storyboard */ = {
			isa = PBXVariantGroup;
			children = (
				195DFE1D1978C3A300D639A2 /* Base */,
			);
			name = Main.storyboard;
			sourceTree = "<group>";
		};
		195DFE321978C3A300D639A2 /* InfoPlist.strings */ = {
			isa = PBXVariantGroup;
			children = (
				195DFE331978C3A300D639A2 /* en */,
			);
			name = InfoPlist.strings;
			sourceTree = "<group>";
		};
/* End PBXVariantGroup section */

/* Begin XCBuildConfiguration section */
		195DFE371978C3A300D639A2 /* Debug */ = {
			isa = XCBuildConfiguration;
			buildSettings = {
				ALWAYS_SEARCH_USER_PATHS = NO;
				CLANG_CXX_LANGUAGE_STANDARD = "gnu++0x";
				CLANG_CXX_LIBRARY = "libc++";
				CLANG_ENABLE_MODULES = YES;
				CLANG_ENABLE_OBJC_ARC = YES;
				CLANG_WARN_BOOL_CONVERSION = YES;
				CLANG_WARN_CONSTANT_CONVERSION = YES;
				CLANG_WARN_DIRECT_OBJC_ISA_USAGE = YES_ERROR;
				CLANG_WARN_EMPTY_BODY = YES;
				CLANG_WARN_ENUM_CONVERSION = YES;
				CLANG_WARN_INT_CONVERSION = YES;
				CLANG_WARN_OBJC_ROOT_CLASS = YES_ERROR;
				CLANG_WARN__DUPLICATE_METHOD_MATCH = YES;
				"CODE_SIGN_IDENTITY[sdk=iphoneos*]" = "iPhone Developer";
				COPY_PHASE_STRIP = NO;
				GCC_C_LANGUAGE_STANDARD = gnu99;
				GCC_DYNAMIC_NO_PIC = NO;
				GCC_OPTIMIZATION_LEVEL = 0;
				GCC_PREPROCESSOR_DEFINITIONS = (
					"DEBUG=1",
					"$(inherited)",
				);
				GCC_SYMBOLS_PRIVATE_EXTERN = NO;
				GCC_WARN_64_TO_32_BIT_CONVERSION = YES;
				GCC_WARN_ABOUT_RETURN_TYPE = YES_ERROR;
				GCC_WARN_UNDECLARED_SELECTOR = YES;
				GCC_WARN_UNINITIALIZED_AUTOS = YES_AGGRESSIVE;
				GCC_WARN_UNUSED_FUNCTION = YES;
				GCC_WARN_UNUSED_VARIABLE = YES;
				IPHONEOS_DEPLOYMENT_TARGET = 7.1;
				ONLY_ACTIVE_ARCH = YES;
				SDKROOT = iphoneos;
			};
			name = Debug;
		};
		195DFE381978C3A300D639A2 /* Release */ = {
			isa = XCBuildConfiguration;
			buildSettings = {
				ALWAYS_SEARCH_USER_PATHS = NO;
				CLANG_CXX_LANGUAGE_STANDARD = "gnu++0x";
				CLANG_CXX_LIBRARY = "libc++";
				CLANG_ENABLE_MODULES = YES;
				CLANG_ENABLE_OBJC_ARC = YES;
				CLANG_WARN_BOOL_CONVERSION = YES;
				CLANG_WARN_CONSTANT_CONVERSION = YES;
				CLANG_WARN_DIRECT_OBJC_ISA_USAGE = YES_ERROR;
				CLANG_WARN_EMPTY_BODY = YES;
				CLANG_WARN_ENUM_CONVERSION = YES;
				CLANG_WARN_INT_CONVERSION = YES;
				CLANG_WARN_OBJC_ROOT_CLASS = YES_ERROR;
				CLANG_WARN__DUPLICATE_METHOD_MATCH = YES;
				"CODE_SIGN_IDENTITY[sdk=iphoneos*]" = "iPhone Developer";
				COPY_PHASE_STRIP = YES;
				ENABLE_NS_ASSERTIONS = NO;
				GCC_C_LANGUAGE_STANDARD = gnu99;
				GCC_WARN_64_TO_32_BIT_CONVERSION = YES;
				GCC_WARN_ABOUT_RETURN_TYPE = YES_ERROR;
				GCC_WARN_UNDECLARED_SELECTOR = YES;
				GCC_WARN_UNINITIALIZED_AUTOS = YES_AGGRESSIVE;
				GCC_WARN_UNUSED_FUNCTION = YES;
				GCC_WARN_UNUSED_VARIABLE = YES;
				IPHONEOS_DEPLOYMENT_TARGET = 7.1;
				SDKROOT = iphoneos;
				VALIDATE_PRODUCT = YES;
			};
			name = Release;
		};
		195DFE3A1978C3A300D639A2 /* Debug */ = {
			isa = XCBuildConfiguration;
			buildSettings = {
				ASSETCATALOG_COMPILER_APPICON_NAME = AppIcon;
				ASSETCATALOG_COMPILER_LAUNCHIMAGE_NAME = LaunchImage;
				GCC_PRECOMPILE_PREFIX_HEADER = YES;
				GCC_PREFIX_HEADER = "抽奖_Test/抽奖_Test-Prefix.pch";
				INFOPLIST_FILE = "抽奖_Test/抽奖_Test-Info.plist";
				PRODUCT_NAME = "$(TARGET_NAME)";
				WRAPPER_EXTENSION = app;
			};
			name = Debug;
		};
		195DFE3B1978C3A300D639A2 /* Release */ = {
			isa = XCBuildConfiguration;
			buildSettings = {
				ASSETCATALOG_COMPILER_APPICON_NAME = AppIcon;
				ASSETCATALOG_COMPILER_LAUNCHIMAGE_NAME = LaunchImage;
				GCC_PRECOMPILE_PREFIX_HEADER = YES;
				GCC_PREFIX_HEADER = "抽奖_Test/抽奖_Test-Prefix.pch";
				INFOPLIST_FILE = "抽奖_Test/抽奖_Test-Info.plist";
				PRODUCT_NAME = "$(TARGET_NAME)";
				WRAPPER_EXTENSION = app;
			};
			name = Release;
		};
		195DFE3D1978C3A300D639A2 /* Debug */ = {
			isa = XCBuildConfiguration;
			buildSettings = {
				BUNDLE_LOADER = "$(BUILT_PRODUCTS_DIR)/抽奖_Test.app/抽奖_Test";
				FRAMEWORK_SEARCH_PATHS = (
					"$(SDKROOT)/Developer/Library/Frameworks",
					"$(inherited)",
					"$(DEVELOPER_FRAMEWORKS_DIR)",
				);
				GCC_PRECOMPILE_PREFIX_HEADER = YES;
				GCC_PREFIX_HEADER = "抽奖_Test/抽奖_Test-Prefix.pch";
				GCC_PREPROCESSOR_DEFINITIONS = (
					"DEBUG=1",
					"$(inherited)",
				);
				INFOPLIST_FILE = "抽奖_TestTests/抽奖_TestTests-Info.plist";
				PRODUCT_NAME = "$(TARGET_NAME)";
				TEST_HOST = "$(BUNDLE_LOADER)";
				WRAPPER_EXTENSION = xctest;
			};
			name = Debug;
		};
		195DFE3E1978C3A300D639A2 /* Release */ = {
			isa = XCBuildConfiguration;
			buildSettings = {
				BUNDLE_LOADER = "$(BUILT_PRODUCTS_DIR)/抽奖_Test.app/抽奖_Test";
				FRAMEWORK_SEARCH_PATHS = (
					"$(SDKROOT)/Developer/Library/Frameworks",
					"$(inherited)",
					"$(DEVELOPER_FRAMEWORKS_DIR)",
				);
				GCC_PRECOMPILE_PREFIX_HEADER = YES;
				GCC_PREFIX_HEADER = "抽奖_Test/抽奖_Test-Prefix.pch";
				INFOPLIST_FILE = "抽奖_TestTests/抽奖_TestTests-Info.plist";
				PRODUCT_NAME = "$(TARGET_NAME)";
				TEST_HOST = "$(BUNDLE_LOADER)";
				WRAPPER_EXTENSION = xctest;
			};
			name = Release;
		};
/* End XCBuildConfiguration section */

/* Begin XCConfigurationList section */
		195DFE021978C3A300D639A2 /* Build configuration list for PBXProject "抽奖_Test" */ = {
			isa = XCConfigurationList;
			buildConfigurations = (
				195DFE371978C3A300D639A2 /* Debug */,
				195DFE381978C3A300D639A2 /* Release */,
			);
			defaultConfigurationIsVisible = 0;
			defaultConfigurationName = Release;
		};
		195DFE391978C3A300D639A2 /* Build configuration list for PBXNativeTarget "抽奖_Test" */ = {
			isa = XCConfigurationList;
			buildConfigurations = (
				195DFE3A1978C3A300D639A2 /* Debug */,
				195DFE3B1978C3A300D639A2 /* Release */,
			);
			defaultConfigurationIsVisible = 0;
			defaultConfigurationName = Release;
		};
		195DFE3C1978C3A300D639A2 /* Build configuration list for PBXNativeTarget "抽奖_TestTests" */ = {
			isa = XCConfigurationList;
			buildConfigurations = (
				195DFE3D1978C3A300D639A2 /* Debug */,
				195DFE3E1978C3A300D639A2 /* Release */,
			);
			defaultConfigurationIsVisible = 0;
			defaultConfigurationName = Release;
		};
/* End XCConfigurationList section */
	};
	rootObject = 195DFDFF1978C3A300D639A2 /* Project object */;
}
